PODS:
  - Capacitor (6.1.2):
    - CapacitorCordova
  - CapacitorApp (6.0.1):
    - Capacitor
  - CapacitorBrowser (6.0.2):
    - Capacitor
  - CapacitorCordova (6.1.2)
  - CapacitorDevice (6.0.1):
    - Capacitor
  - CapacitorPushNotifications (6.0.2):
    - Capacitor
  - CapacitorSplashScreen (6.0.2):
    - Capacitor
  - CapacitorStatusBar (6.0.1):
    - Capacitor

DEPENDENCIES:
  - "Capacitor (from `../../node_modules/@capacitor/ios`)"
  - "CapacitorApp (from `../../node_modules/@capacitor/app`)"
  - "CapacitorBrowser (from `../../node_modules/@capacitor/browser`)"
  - "CapacitorCordova (from `../../node_modules/@capacitor/ios`)"
  - "CapacitorDevice (from `../../node_modules/@capacitor/device`)"
  - "CapacitorPushNotifications (from `../../node_modules/@capacitor/push-notifications`)"
  - "CapacitorSplashScreen (from `../../node_modules/@capacitor/splash-screen`)"
  - "CapacitorStatusBar (from `../../node_modules/@capacitor/status-bar`)"

EXTERNAL SOURCES:
  Capacitor:
    :path: "../../node_modules/@capacitor/ios"
  CapacitorApp:
    :path: "../../node_modules/@capacitor/app"
  CapacitorBrowser:
    :path: "../../node_modules/@capacitor/browser"
  CapacitorCordova:
    :path: "../../node_modules/@capacitor/ios"
  CapacitorDevice:
    :path: "../../node_modules/@capacitor/device"
  CapacitorPushNotifications:
    :path: "../../node_modules/@capacitor/push-notifications"
  CapacitorSplashScreen:
    :path: "../../node_modules/@capacitor/splash-screen"
  CapacitorStatusBar:
    :path: "../../node_modules/@capacitor/status-bar"

SPEC CHECKSUMS:
  Capacitor: 48e69f3d54640fb30dc99a8e711bb645b11c0283
  CapacitorApp: 5d3b9275003a1bb33ee5310fb398b82c9ebc7ca5
  CapacitorBrowser: 5cb440b06536074e8b1e4ad64bdd811d504bbab3
  CapacitorCordova: bab53e0b5106da1b6293a750a68df9c477461b91
  CapacitorDevice: ee4f3c1e73a17ba41b9d0c1155aacb676a9699cd
  CapacitorPushNotifications: 5ad946184f898b11629bb18f178e99e6b219e2cd
  CapacitorSplashScreen: 191954d1205535e587cff7d522e7eb5e89e9208a
  CapacitorStatusBar: b34cc9c61d1fdd5b2712d533e4b60ca4c14e31b8

PODFILE CHECKSUM: 3fd2b2802191fe3bd70869fd3a3a73dbe046393c

COCOAPODS: 1.5.2
